
Microsoft Visual Studio Solution File, Format Version 12.00
# Visual Studio Version 17
VisualStudioVersion = 17.4.33205.214
MinimumVisualStudioVersion = 10.0.40219.1
Project("{9A19103F-16F7-4668-BE54-9A1E7A4F7556}") = "Tedd.ReadOnlyStructGenerator", "Tedd.ReadOnlyStructGenerator\Tedd.ReadOnlyStructGenerator.csproj", "{CAF722C5-DE0B-452F-A25D-631EB090ACE5}"
EndProject
Project("{9A19103F-16F7-4668-BE54-9A1E7A4F7556}") = "Tedd.ReadOnlyStructGenerator.Test", "Tedd.ReadOnlyStructGenerator.Test\Tedd.ReadOnlyStructGenerator.Test.csproj", "{319E9513-C11E-4266-A446-D02DC0B38826}"
EndProject
Global
	GlobalSection(SolutionConfigurationPlatforms) = preSolution
		Debug|Any CPU = Debug|Any CPU
		Release|Any CPU = Release|Any CPU
	EndGlobalSection
	GlobalSection(ProjectConfigurationPlatforms) = postSolution
		{CAF722C5-DE0B-452F-A25D-631EB090ACE5}.Debug|Any CPU.ActiveCfg = Debug|Any CPU
		{CAF722C5-DE0B-452F-A25D-631EB090ACE5}.Debug|Any CPU.Build.0 = Debug|Any CPU
		{CAF722C5-DE0B-452F-A25D-631EB090ACE5}.Release|Any CPU.ActiveCfg = Release|Any CPU
		{CAF722C5-DE0B-452F-A25D-631EB090ACE5}.Release|Any CPU.Build.0 = Release|Any CPU
		{319E9513-C11E-4266-A446-D02DC0B38826}.Debug|Any CPU.ActiveCfg = Debug|Any CPU
		{319E9513-C11E-4266-A446-D02DC0B38826}.Debug|Any CPU.Build.0 = Debug|Any CPU
		{319E9513-C11E-4266-A446-D02DC0B38826}.Release|Any CPU.ActiveCfg = Release|Any CPU
		{319E9513-C11E-4266-A446-D02DC0B38826}.Release|Any CPU.Build.0 = Release|Any CPU
	EndGlobalSection
	GlobalSection(SolutionProperties) = preSolution
		HideSolutionNode = FALSE
	EndGlobalSection
	GlobalSection(ExtensibilityGlobals) = postSolution
		SolutionGuid = {10B810AB-7E13-44C0-8939-E5D25B0BB667}
	EndGlobalSection
EndGlobal
